
Microsoft Visual Studio Solution File, Format Version 12.00
# Visual Studio Version 16
VisualStudioVersion = 16.0.29911.84
MinimumVisualStudioVersion = 10.0.40219.1
Project("{9A19103F-16F7-4668-BE54-9A1E7A4F7556}") = "JavaShotAPI", "JavaShotAPI\JavaShotAPI.csproj", "{AA9F4B3D-A428-4D77-B813-CFF1990621D4}"
EndProject
Project("{9A19103F-16F7-4668-BE54-9A1E7A4F7556}") = "JavaShotAPIIntegrationTest", "JavaShotAPIIntegrationTest\JavaShotAPIIntegrationTest.csproj", "{50A5A545-DA88-4462-8D38-C5008B2D0FF4}"
	ProjectSection(ProjectDependencies) = postProject
		{AA9F4B3D-A428-4D77-B813-CFF1990621D4} = {AA9F4B3D-A428-4D77-B813-CFF1990621D4}
	EndProjectSection
EndProject
Global
	GlobalSection(SolutionConfigurationPlatforms) = preSolution
		Debug|Any CPU = Debug|Any CPU
		Release|Any CPU = Release|Any CPU
	EndGlobalSection
	GlobalSection(ProjectConfigurationPlatforms) = postSolution
		{AA9F4B3D-A428-4D77-B813-CFF1990621D4}.Debug|Any CPU.ActiveCfg = Debug|Any CPU
		{AA9F4B3D-A428-4D77-B813-CFF1990621D4}.Debug|Any CPU.Build.0 = Debug|Any CPU
		{AA9F4B3D-A428-4D77-B813-CFF1990621D4}.Release|Any CPU.ActiveCfg = Release|Any CPU
		{AA9F4B3D-A428-4D77-B813-CFF1990621D4}.Release|Any CPU.Build.0 = Release|Any CPU
		{50A5A545-DA88-4462-8D38-C5008B2D0FF4}.Debug|Any CPU.ActiveCfg = Debug|Any CPU
		{50A5A545-DA88-4462-8D38-C5008B2D0FF4}.Debug|Any CPU.Build.0 = Debug|Any CPU
		{50A5A545-DA88-4462-8D38-C5008B2D0FF4}.Release|Any CPU.ActiveCfg = Release|Any CPU
		{50A5A545-DA88-4462-8D38-C5008B2D0FF4}.Release|Any CPU.Build.0 = Release|Any CPU
	EndGlobalSection
	GlobalSection(SolutionProperties) = preSolution
		HideSolutionNode = FALSE
	EndGlobalSection
	GlobalSection(ExtensibilityGlobals) = postSolution
		SolutionGuid = {1EF70C5E-64C8-44BE-BA9B-883B3E599644}
	EndGlobalSection
EndGlobal
